
Microsoft Visual Studio Solution File, Format Version 11.00
# Visual Studio 2010
Project("{8BC9CEB8-8B4A-11D0-8D11-00A0C91BC942}") = "instruction_caller", "instruction_caller.vcxproj", "{0A4CD208-2CB7-415C-90DA-A09F2C7738E3}"
EndProject
Project("{8BC9CEB8-8B4A-11D0-8D11-00A0C91BC942}") = "instruction_hook", "..\instruction_hook\instruction_hook.vcxproj", "{E4B8CDB6-5473-4542-8DFA-269E55E35D0D}"
EndProject
Global
	GlobalSection(SolutionConfigurationPlatforms) = preSolution
		Debug|Win32 = Debug|Win32
		Debug|x64 = Debug|x64
		Release|Win32 = Release|Win32
		Release|x64 = Release|x64
	EndGlobalSection
	GlobalSection(ProjectConfigurationPlatforms) = postSolution
		{0A4CD208-2CB7-415C-90DA-A09F2C7738E3}.Debug|Win32.ActiveCfg = Debug|x64
		{0A4CD208-2CB7-415C-90DA-A09F2C7738E3}.Debug|Win32.Build.0 = Debug|x64
		{0A4CD208-2CB7-415C-90DA-A09F2C7738E3}.Debug|x64.ActiveCfg = Debug|x64
		{0A4CD208-2CB7-415C-90DA-A09F2C7738E3}.Debug|x64.Build.0 = Debug|x64
		{0A4CD208-2CB7-415C-90DA-A09F2C7738E3}.Release|Win32.ActiveCfg = Release|Win32
		{0A4CD208-2CB7-415C-90DA-A09F2C7738E3}.Release|Win32.Build.0 = Release|Win32
		{0A4CD208-2CB7-415C-90DA-A09F2C7738E3}.Release|x64.ActiveCfg = Release|x64
		{0A4CD208-2CB7-415C-90DA-A09F2C7738E3}.Release|x64.Build.0 = Release|x64
		{E4B8CDB6-5473-4542-8DFA-269E55E35D0D}.Debug|Win32.ActiveCfg = Debug|x64
		{E4B8CDB6-5473-4542-8DFA-269E55E35D0D}.Debug|Win32.Build.0 = Debug|x64
		{E4B8CDB6-5473-4542-8DFA-269E55E35D0D}.Debug|x64.ActiveCfg = Debug|x64
		{E4B8CDB6-5473-4542-8DFA-269E55E35D0D}.Debug|x64.Build.0 = Debug|x64
		{E4B8CDB6-5473-4542-8DFA-269E55E35D0D}.Release|Win32.ActiveCfg = Release|Win32
		{E4B8CDB6-5473-4542-8DFA-269E55E35D0D}.Release|Win32.Build.0 = Release|Win32
		{E4B8CDB6-5473-4542-8DFA-269E55E35D0D}.Release|x64.ActiveCfg = Release|x64
		{E4B8CDB6-5473-4542-8DFA-269E55E35D0D}.Release|x64.Build.0 = Release|x64
	EndGlobalSection
	GlobalSection(SolutionProperties) = preSolution
		HideSolutionNode = FALSE
	EndGlobalSection
EndGlobal
